
Microsoft Visual Studio Solution File, Format Version 12.00
# Visual Studio Version 17
VisualStudioVersion = 17.4.33103.184
MinimumVisualStudioVersion = 10.0.40219.1
Project("{FAE04EC0-301F-11D3-BF4B-00C04F79EFBC}") = "Server", "ChuongChat\Server.csproj", "{698540EB-CEF3-4872-82B9-3AA582759856}"
EndProject
Project("{FAE04EC0-301F-11D3-BF4B-00C04F79EFBC}") = "Client", "Client\Client.csproj", "{880EA28B-3DF0-49EC-A36B-2AC1EF5C5667}"
EndProject
Global
	GlobalSection(SolutionConfigurationPlatforms) = preSolution
		Debug|Any CPU = Debug|Any CPU
		Release|Any CPU = Release|Any CPU
	EndGlobalSection
	GlobalSection(ProjectConfigurationPlatforms) = postSolution
		{698540EB-CEF3-4872-82B9-3AA582759856}.Debug|Any CPU.ActiveCfg = Debug|Any CPU
		{698540EB-CEF3-4872-82B9-3AA582759856}.Debug|Any CPU.Build.0 = Debug|Any CPU
		{698540EB-CEF3-4872-82B9-3AA582759856}.Release|Any CPU.ActiveCfg = Release|Any CPU
		{698540EB-CEF3-4872-82B9-3AA582759856}.Release|Any CPU.Build.0 = Release|Any CPU
		{880EA28B-3DF0-49EC-A36B-2AC1EF5C5667}.Debug|Any CPU.ActiveCfg = Debug|Any CPU
		{880EA28B-3DF0-49EC-A36B-2AC1EF5C5667}.Debug|Any CPU.Build.0 = Debug|Any CPU
		{880EA28B-3DF0-49EC-A36B-2AC1EF5C5667}.Release|Any CPU.ActiveCfg = Release|Any CPU
		{880EA28B-3DF0-49EC-A36B-2AC1EF5C5667}.Release|Any CPU.Build.0 = Release|Any CPU
	EndGlobalSection
	GlobalSection(SolutionProperties) = preSolution
		HideSolutionNode = FALSE
	EndGlobalSection
	GlobalSection(ExtensibilityGlobals) = postSolution
		SolutionGuid = {D76CA901-D616-48D5-B083-6FD4A50C85A1}
	EndGlobalSection
EndGlobal
